[tools.bun]
version = "1.2.18"
backend = "core:bun"

[tools.bun.checksums]
"bun-darwin-aarch64.zip" = "sha256:cca9eb52762bbd81eb894fc8275bba0a0654e81aad318d19869854a30f3769a2"
"bun-linux-x64-baseline.zip" = "sha256:c7504c216d8729105d1781385665e3ac2c63debdbb5de4efdc12e2d6c4a6cb4a"

[tools.node]
version = "24.3.0"
backend = "core:node"

[tools.node.checksums]
"node-v24.3.0-linux-x64.tar.gz" = "sha256:bbeb5fb8113b44fc30f5a5887dbc0ab66af8e56139f5f9fbe7c7a1aa056246dc"

[tools."npm:tsx"]
version = "4.20.3"
backend = "npm:tsx"
