[tools.bun]
version = "1.2.19"
backend = "core:bun"

[tools.bun.platforms.macos-arm64]
checksum = "blake3:1d033789f9a12ddcc7b1e03c675af1dfcbf770aa7fbfa2c49dc6599e591e4779"
size = 21573514

[tools.node]
version = "24.4.1"
backend = "core:node"

[tools.node.platforms.macos-arm64]
checksum = "sha256:55a772a600b7bdafb4b35945b3935090e27aff9934b4c11b281220fcd99139d7"
size = 48848365
url = "https://nodejs.org/dist/v24.4.1/node-v24.4.1-darwin-arm64.tar.gz"

[tools."npm:tsx"]
version = "4.20.3"
backend = "npm:tsx"
